
Microsoft Visual Studio Solution File, Format Version 12.00
# Visual Studio Version 16
VisualStudioVersion = 16.0.31005.135
MinimumVisualStudioVersion = 10.0.40219.1
Project("{FAE04EC0-301F-11D3-BF4B-00C04F79EFBC}") = "TreeCopier", "TreeCopier\TreeCopier.csproj", "{839D4893-0FCA-41B3-B78A-8ABAFDA1EDF8}"
EndProject
Global
	GlobalSection(SolutionConfigurationPlatforms) = preSolution
		Debug|Any CPU = Debug|Any CPU
		Release|Any CPU = Release|Any CPU
	EndGlobalSection
	GlobalSection(ProjectConfigurationPlatforms) = postSolution
		{839D4893-0FCA-41B3-B78A-8ABAFDA1EDF8}.Debug|Any CPU.ActiveCfg = Debug|Any CPU
		{839D4893-0FCA-41B3-B78A-8ABAFDA1EDF8}.Debug|Any CPU.Build.0 = Debug|Any CPU
		{839D4893-0FCA-41B3-B78A-8ABAFDA1EDF8}.Release|Any CPU.ActiveCfg = Release|Any CPU
		{839D4893-0FCA-41B3-B78A-8ABAFDA1EDF8}.Release|Any CPU.Build.0 = Release|Any CPU
	EndGlobalSection
	GlobalSection(SolutionProperties) = preSolution
		HideSolutionNode = FALSE
	EndGlobalSection
	GlobalSection(ExtensibilityGlobals) = postSolution
		SolutionGuid = {ADA9D1EE-81C7-42C4-848B-A057BBA3FD26}
	EndGlobalSection
EndGlobal
